Microsoft Visual Studio Solution File, Format Version 12.00
# Visual Studio Version 17
VisualStudioVersion = 17.13.35931.197
MinimumVisualStudioVersion = 10.0.40219.1
Project("{FAE04EC0-301F-11D3-BF4B-00C04F79EFBC}") = "FinanceTracker", "FinanceTracker\FinanceTracker.csproj", "{E7DCECCE-60DC-4371-89FA-F8A1D774F08B}"
EndProject
Project("{FAE04EC0-301F-11D3-BF4B-00C04F79EFBC}") = "Testing", "Testing\Testing.csproj", "{3874F3AC-4778-4268-AF7A-7BBF99459117}"
EndProject
Global
	GlobalSection(SolutionConfigurationPlatforms) = preSolution
		Debug|Any CPU = Debug|Any CPU
		Release|Any CPU = Release|Any CPU
	EndGlobalSection
	GlobalSection(ProjectConfigurationPlatforms) = postSolution
		{E7DCECCE-60DC-4371-89FA-F8A1D774F08B}.Debug|Any CPU.ActiveCfg = Debug|Any CPU
		{E7DCECCE-60DC-4371-89FA-F8A1D774F08B}.Debug|Any CPU.Build.0 = Debug|Any CPU
		{E7DCECCE-60DC-4371-89FA-F8A1D774F08B}.Release|Any CPU.ActiveCfg = Release|Any CPU
		{E7DCECCE-60DC-4371-89FA-F8A1D774F08B}.Release|Any CPU.Build.0 = Release|Any CPU
		{3874F3AC-4778-4268-AF7A-7BBF99459117}.Debug|Any CPU.ActiveCfg = Debug|Any CPU
		{3874F3AC-4778-4268-AF7A-7BBF99459117}.Debug|Any CPU.Build.0 = Debug|Any CPU
		{3874F3AC-4778-4268-AF7A-7BBF99459117}.Release|Any CPU.ActiveCfg = Release|Any CPU
		{3874F3AC-4778-4268-AF7A-7BBF99459117}.Release|Any CPU.Build.0 = Release|Any CPU
	EndGlobalSection
	GlobalSection(SolutionProperties) = preSolution
		HideSolutionNode = FALSE
	EndGlobalSection
	GlobalSection(ExtensibilityGlobals) = postSolution
		SolutionGuid = {7469C122-85F7-4C74-AD2D-FB5FF6491B58}
	EndGlobalSection
EndGlobal
